// !$*UTF8*$!
{
	archiveVersion = 1;
	classes = {
	};
	objectVersion = 50;
	objects = {

/* Begin PBXBuildFile section */
		00D6426A24C29F4A0002B553 /* AppDelegate.swift in Sources */ = {isa = PBXBuildFile; fileRef = 00D6426924C29F4A0002B553 /* AppDelegate.swift */; };
		00D6426C24C29F4A0002B553 /* SceneDelegate.swift in Sources */ = {isa = PBXBuildFile; fileRef = 00D6426B24C29F4A0002B553 /* SceneDelegate.swift */; };
		00D6426F24C29F4A0002B553 /* GPA_Calculator.xcdatamodeld in Sources */ = {isa = PBXBuildFile; fileRef = 00D6426D24C29F4A0002B553 /* GPA_Calculator.xcdatamodeld */; };
		00D6427124C29F4A0002B553 /* ContentView.swift in Sources */ = {isa = PBXBuildFile; fileRef = 00D6427024C29F4A0002B553 /* ContentView.swift */; };
		00D6427324C29F4B0002B553 /* Assets.xcassets in Resources */ = {isa = PBXBuildFile; fileRef = 00D6427224C29F4B0002B553 /* Assets.xcassets */; };
		00D6427624C29F4B0002B553 /* Preview Assets.xcassets in Resources */ = {isa = PBXBuildFile; fileRef = 00D6427524C29F4B0002B553 /* Preview Assets.xcassets */; };
		00D6427924C29F4B0002B553 /* LaunchScreen.storyboard in Resources */ = {isa = PBXBuildFile; fileRef = 00D6427724C29F4B0002B553 /* LaunchScreen.storyboard */; };
		00D6428124C2A3F30002B553 /* Grade.swift in Sources */ = {isa = PBXBuildFile; fileRef = 00D6428024C2A3F30002B553 /* Grade.swift */; };
/* End PBXBuildFile section */

/* Begin PBXFileReference section */
		00D6426624C29F4A0002B553 /* GPA Calc.app */ = {isa = PBXFileReference; explicitFileType = wrapper.application; includeInIndex = 0; path = "GPA Calc.app"; sourceTree = BUILT_PRODUCTS_DIR; };
		00D6426924C29F4A0002B553 /* AppDelegate.swift */ = {isa = PBXFileReference; lastKnownFileType = sourcecode.swift; path = AppDelegate.swift; sourceTree = "<group>"; };
		00D6426B24C29F4A0002B553 /* SceneDelegate.swift */ = {isa = PBXFileReference; lastKnownFileType = sourcecode.swift; path = SceneDelegate.swift; sourceTree = "<group>"; };
		00D6426E24C29F4A0002B553 /* GPA_Calculator.xcdatamodel */ = {isa = PBXFileReference; lastKnownFileType = wrapper.xcdatamodel; path = GPA_Calculator.xcdatamodel; sourceTree = "<group>"; };
		00D6427024C29F4A0002B553 /* ContentView.swift */ = {isa = PBXFileReference; lastKnownFileType = sourcecode.swift; path = ContentView.swift; sourceTree = "<group>"; };
		00D6427224C29F4B0002B553 /* Assets.xcassets */ = {isa = PBXFileReference; lastKnownFileType = folder.assetcatalog; path = Assets.xcassets; sourceTree = "<group>"; };
		00D6427524C29F4B0002B553 /* Preview Assets.xcassets */ = {isa = PBXFileReference; lastKnownFileType = folder.assetcatalog; path = "Preview Assets.xcassets"; sourceTree = "<group>"; };
		00D6427824C29F4B0002B553 /* Base */ = {isa = PBXFileReference; lastKnownFileType = file.storyboard; name = Base; path = Base.lproj/LaunchScreen.storyboard; sourceTree = "<group>"; };
		00D6427A24C29F4B0002B553 /* Info.plist */ = {isa = PBXFileReference; lastKnownFileType = text.plist.xml; path = Info.plist; sourceTree = "<group>"; };
		00D6428024C2A3F30002B553 /* Grade.swift */ = {isa = PBXFileReference; lastKnownFileType = sourcecode.swift; path = Grade.swift; sourceTree = "<group>"; };
/* End PBXFileReference section */

/* Begin PBXFrameworksBuildPhase section */
		00D6426324C29F4A0002B553 /* Frameworks */ = {
			isa = PBXFrameworksBuildPhase;
			buildActionMask = 2147483647;
			files = (
			);
			runOnlyForDeploymentPostprocessing = 0;
		};
/* End PBXFrameworksBuildPhase section */

/* Begin PBXGroup section */
		00D6425D24C29F4A0002B553 = {
			isa = PBXGroup;
			children = (
				00D6426824C29F4A0002B553 /* GPA Calculator */,
				00D6426724C29F4A0002B553 /* Products */,
			);
			sourceTree = "<group>";
		};
		00D6426724C29F4A0002B553 /* Products */ = {
			isa = PBXGroup;
			children = (
				00D6426624C29F4A0002B553 /* GPA Calc.app */,
			);
			name = Products;
			sourceTree = "<group>";
		};
		00D6426824C29F4A0002B553 /* GPA Calculator */ = {
			isa = PBXGroup;
			children = (
				00D6426924C29F4A0002B553 /* AppDelegate.swift */,
				00D6426B24C29F4A0002B553 /* SceneDelegate.swift */,
				00D6427024C29F4A0002B553 /* ContentView.swift */,
				00D6427224C29F4B0002B553 /* Assets.xcassets */,
				00D6427724C29F4B0002B553 /* LaunchScreen.storyboard */,
				00D6427A24C29F4B0002B553 /* Info.plist */,
				00D6426D24C29F4A0002B553 /* GPA_Calculator.xcdatamodeld */,
				00D6427424C29F4B0002B553 /* Preview Content */,
				00D6428024C2A3F30002B553 /* Grade.swift */,
			);
			path = "GPA Calculator";
			sourceTree = "<group>";
		};
		00D6427424C29F4B0002B553 /* Preview Content */ = {
			isa = PBXGroup;
			children = (
				00D6427524C29F4B0002B553 /* Preview Assets.xcassets */,
			);
			path = "Preview Content";
			sourceTree = "<group>";
		};
/* End PBXGroup section */

/* Begin PBXNativeTarget section */
		00D6426524C29F4A0002B553 /* GPA Calculator */ = {
			isa = PBXNativeTarget;
			buildConfigurationList = 00D6427D24C29F4B0002B553 /* Build configuration list for PBXNativeTarget "GPA Calculator" */;
			buildPhases = (
				00D6426224C29F4A0002B553 /* Sources */,
				00D6426324C29F4A0002B553 /* Frameworks */,
				00D6426424C29F4A0002B553 /* Resources */,
			);
			buildRules = (
			);
			dependencies = (
			);
			name = "GPA Calculator";
			productName = "GPA Calculator";
			productReference = 00D6426624C29F4A0002B553 /* GPA Calc.app */;
			productType = "com.apple.product-type.application";
		};
/* End PBXNativeTarget section */

/* Begin PBXProject section */
		00D6425E24C29F4A0002B553 /* Project object */ = {
			isa = PBXProject;
			attributes = {
				LastSwiftUpdateCheck = 1150;
				LastUpgradeCheck = 1150;
				ORGANIZATIONNAME = "MyWikis LLC";
				TargetAttributes = {
					00D6426524C29F4A0002B553 = {
						CreatedOnToolsVersion = 11.5;
					};
				};
			};
			buildConfigurationList = 00D6426124C29F4A0002B553 /* Build configuration list for PBXProject "GPA Calculator" */;
			compatibilityVersion = "Xcode 9.3";
			developmentRegion = en;
			hasScannedForEncodings = 0;
			knownRegions = (
				en,
				Base,
			);
			mainGroup = 00D6425D24C29F4A0002B553;
			productRefGroup = 00D6426724C29F4A0002B553 /* Products */;
			projectDirPath = "";
			projectRoot = "";
			targets = (
				00D6426524C29F4A0002B553 /* GPA Calculator */,
			);
		};
/* End PBXProject section */

/* Begin PBXResourcesBuildPhase section */
		00D6426424C29F4A0002B553 /* Resources */ = {
			isa = PBXResourcesBuildPhase;
			buildActionMask = 2147483647;
			files = (
				00D6427924C29F4B0002B553 /* LaunchScreen.storyboard in Resources */,
				00D6427624C29F4B0002B553 /* Preview Assets.xcassets in Resources */,
				00D6427324C29F4B0002B553 /* Assets.xcassets in Resources */,
			);
			runOnlyForDeploymentPostprocessing = 0;
		};
/* End PBXResourcesBuildPhase section */

/* Begin PBXSourcesBuildPhase section */
		00D6426224C29F4A0002B553 /* Sources */ = {
			isa = PBXSourcesBuildPhase;
			buildActionMask = 2147483647;
			files = (
				00D6426A24C29F4A0002B553 /* AppDelegate.swift in Sources */,
				00D6426C24C29F4A0002B553 /* SceneDelegate.swift in Sources */,
				00D6427124C29F4A0002B553 /* ContentView.swift in Sources */,
				00D6428124C2A3F30002B553 /* Grade.swift in Sources */,
				00D6426F24C29F4A0002B553 /* GPA_Calculator.xcdatamodeld in Sources */,
			);
			runOnlyForDeploymentPostprocessing = 0;
		};
/* End PBXSourcesBuildPhase section */

/* Begin PBXVariantGroup section */
		00D6427724C29F4B0002B553 /* LaunchScreen.storyboard */ = {
			isa = PBXVariantGroup;
			children = (
				00D6427824C29F4B0002B553 /* Base */,
			);
			name = LaunchScreen.storyboard;
			sourceTree = "<group>";
		};
/* End PBXVariantGroup section */

/* Begin XCBuildConfiguration section */
		00D6427B24C29F4B0002B553 /* Debug */ = {
			isa = XCBuildConfiguration;
			buildSettings = {
				ALWAYS_SEARCH_USER_PATHS = NO;
				CLANG_ANALYZER_NONNULL = YES;
				CLANG_ANALYZER_NUMBER_OBJECT_CONVERSION = YES_AGGRESSIVE;
				CLANG_CXX_LANGUAGE_STANDARD = "gnu++14";
				CLANG_CXX_LIBRARY = "libc++";
				CLANG_ENABLE_MODULES = YES;
				CLANG_ENABLE_OBJC_ARC = YES;
				CLANG_ENABLE_OBJC_WEAK = YES;
				CLANG_WARN_BLOCK_CAPTURE_AUTORELEASING = YES;
				CLANG_WARN_BOOL_CONVERSION = YES;
				CLANG_WARN_COMMA = YES;
				CLANG_WARN_CONSTANT_CONVERSION = YES;
				CLANG_WARN_DEPRECATED_OBJC_IMPLEMENTATIONS = YES;
				CLANG_WARN_DIRECT_OBJC_ISA_USAGE = YES_ERROR;
				CLANG_WARN_DOCUMENTATION_COMMENTS = YES;
				CLANG_WARN_EMPTY_BODY = YES;
				CLANG_WARN_ENUM_CONVERSION = YES;
				CLANG_WARN_INFINITE_RECURSION = YES;
				CLANG_WARN_INT_CONVERSION = YES;
				CLANG_WARN_NON_LITERAL_NULL_CONVERSION = YES;
				CLANG_WARN_OBJC_IMPLICIT_RETAIN_SELF = YES;
				CLANG_WARN_OBJC_LITERAL_CONVERSION = YES;
				CLANG_WARN_OBJC_ROOT_CLASS = YES_ERROR;
				CLANG_WARN_RANGE_LOOP_ANALYSIS = YES;
				CLANG_WARN_STRICT_PROTOTYPES = YES;
				CLANG_WARN_SUSPICIOUS_MOVE = YES;
				CLANG_WARN_UNGUARDED_AVAILABILITY = YES_AGGRESSIVE;
				CLANG_WARN_UNREACHABLE_CODE = YES;
				CLANG_WARN__DUPLICATE_METHOD_MATCH = YES;
				COPY_PHASE_STRIP = NO;
				DEBUG_INFORMATION_FORMAT = dwarf;
				ENABLE_STRICT_OBJC_MSGSEND = YES;
				ENABLE_TESTABILITY = YES;
				GCC_C_LANGUAGE_STANDARD = gnu11;
				GCC_DYNAMIC_NO_PIC = NO;
				GCC_NO_COMMON_BLOCKS = YES;
				GCC_OPTIMIZATION_LEVEL = 0;
				GCC_PREPROCESSOR_DEFINITIONS = (
					"DEBUG=1",
					"$(inherited)",
				);
				GCC_WARN_64_TO_32_BIT_CONVERSION = YES;
				GCC_WARN_ABOUT_RETURN_TYPE = YES_ERROR;
				GCC_WARN_UNDECLARED_SELECTOR = YES;
				GCC_WARN_UNINITIALIZED_AUTOS = YES_AGGRESSIVE;
				GCC_WARN_UNUSED_FUNCTION = YES;
				GCC_WARN_UNUSED_VARIABLE = YES;
				IPHONEOS_DEPLOYMENT_TARGET = 13.5;
				MTL_ENABLE_DEBUG_INFO = INCLUDE_SOURCE;
				MTL_FAST_MATH = YES;
				ONLY_ACTIVE_ARCH = YES;
				SDKROOT = iphoneos;
				SWIFT_ACTIVE_COMPILATION_CONDITIONS = DEBUG;
				SWIFT_OPTIMIZATION_LEVEL = "-Onone";
			};
			name = Debug;
		};
		00D6427C24C29F4B0002B553 /* Release */ = {
			isa = XCBuildConfiguration;
			buildSettings = {
				ALWAYS_SEARCH_USER_PATHS = NO;
				CLANG_ANALYZER_NONNULL = YES;
				CLANG_ANALYZER_NUMBER_OBJECT_CONVERSION = YES_AGGRESSIVE;
				CLANG_CXX_LANGUAGE_STANDARD = "gnu++14";
				CLANG_CXX_LIBRARY = "libc++";
				CLANG_ENABLE_MODULES = YES;
				CLANG_ENABLE_OBJC_ARC = YES;
				CLANG_ENABLE_OBJC_WEAK = YES;
				CLANG_WARN_BLOCK_CAPTURE_AUTORELEASING = YES;
				CLANG_WARN_BOOL_CONVERSION = YES;
				CLANG_WARN_COMMA = YES;
				CLANG_WARN_CONSTANT_CONVERSION = YES;
				CLANG_WARN_DEPRECATED_OBJC_IMPLEMENTATIONS = YES;
				CLANG_WARN_DIRECT_OBJC_ISA_USAGE = YES_ERROR;
				CLANG_WARN_DOCUMENTATION_COMMENTS = YES;
				CLANG_WARN_EMPTY_BODY = YES;
				CLANG_WARN_ENUM_CONVERSION = YES;
				CLANG_WARN_INFINITE_RECURSION = YES;
				CLANG_WARN_INT_CONVERSION = YES;
				CLANG_WARN_NON_LITERAL_NULL_CONVERSION = YES;
				CLANG_WARN_OBJC_IMPLICIT_RETAIN_SELF = YES;
				CLANG_WARN_OBJC_LITERAL_CONVERSION = YES;
				CLANG_WARN_OBJC_ROOT_CLASS = YES_ERROR;
				CLANG_WARN_RANGE_LOOP_ANALYSIS = YES;
				CLANG_WARN_STRICT_PROTOTYPES = YES;
				CLANG_WARN_SUSPICIOUS_MOVE = YES;
				CLANG_WARN_UNGUARDED_AVAILABILITY = YES_AGGRESSIVE;
				CLANG_WARN_UNREACHABLE_CODE = YES;
				CLANG_WARN__DUPLICATE_METHOD_MATCH = YES;
				COPY_PHASE_STRIP = NO;
				DEBUG_INFORMATION_FORMAT = "dwarf-with-dsym";
				ENABLE_NS_ASSERTIONS = NO;
				ENABLE_STRICT_OBJC_MSGSEND = YES;
				GCC_C_LANGUAGE_STANDARD = gnu11;
				GCC_NO_COMMON_BLOCKS = YES;
				GCC_WARN_64_TO_32_BIT_CONVERSION = YES;
				GCC_WARN_ABOUT_RETURN_TYPE = YES_ERROR;
				GCC_WARN_UNDECLARED_SELECTOR = YES;
				GCC_WARN_UNINITIALIZED_AUTOS = YES_AGGRESSIVE;
				GCC_WARN_UNUSED_FUNCTION = YES;
				GCC_WARN_UNUSED_VARIABLE = YES;
				IPHONEOS_DEPLOYMENT_TARGET = 13.5;
				MTL_ENABLE_DEBUG_INFO = NO;
				MTL_FAST_MATH = YES;
				SDKROOT = iphoneos;
				SWIFT_COMPILATION_MODE = wholemodule;
				SWIFT_OPTIMIZATION_LEVEL = "-O";
				VALIDATE_PRODUCT = YES;
			};
			name = Release;
		};
		00D6427E24C29F4B0002B553 /* Debug */ = {
			isa = XCBuildConfiguration;
			buildSettings = {
				ASSETCATALOG_COMPILER_APPICON_NAME = AppIcon;
				CODE_SIGN_STYLE = Automatic;
				CURRENT_PROJECT_VERSION = 2;
				DEVELOPMENT_ASSET_PATHS = "\"GPA Calculator/Preview Content\"";
				DEVELOPMENT_TEAM = 3CX5BHYB2J;
				ENABLE_PREVIEWS = YES;
				INFOPLIST_FILE = "GPA Calculator/Info.plist";
				IPHONEOS_DEPLOYMENT_TARGET = 13.0;
				LD_RUNPATH_SEARCH_PATHS = (
					"$(inherited)",
					"@executable_path/Frameworks",
				);
				PRODUCT_BUNDLE_IDENTIFIER = "com.mywikis.GPA-Calculator";
				PRODUCT_NAME = "GPA Calc";
				SWIFT_VERSION = 5.0;
				TARGETED_DEVICE_FAMILY = "1,2";
			};
			name = Debug;
		};
		00D6427F24C29F4B0002B553 /* Release */ = {
			isa = XCBuildConfiguration;
			buildSettings = {
				ASSETCATALOG_COMPILER_APPICON_NAME = AppIcon;
				CODE_SIGN_STYLE = Automatic;
				CURRENT_PROJECT_VERSION = 2;
				DEVELOPMENT_ASSET_PATHS = "\"GPA Calculator/Preview Content\"";
				DEVELOPMENT_TEAM = 3CX5BHYB2J;
				ENABLE_PREVIEWS = YES;
				INFOPLIST_FILE = "GPA Calculator/Info.plist";
				IPHONEOS_DEPLOYMENT_TARGET = 13.0;
				LD_RUNPATH_SEARCH_PATHS = (
					"$(inherited)",
					"@executable_path/Frameworks",
				);
				PRODUCT_BUNDLE_IDENTIFIER = "com.mywikis.GPA-Calculator";
				PRODUCT_NAME = "GPA Calc";
				SWIFT_VERSION = 5.0;
				TARGETED_DEVICE_FAMILY = "1,2";
			};
			name = Release;
		};
/* End XCBuildConfiguration section */

/* Begin XCConfigurationList section */
		00D6426124C29F4A0002B553 /* Build configuration list for PBXProject "GPA Calculator" */ = {
			isa = XCConfigurationList;
			buildConfigurations = (
				00D6427B24C29F4B0002B553 /* Debug */,
				00D6427C24C29F4B0002B553 /* Release */,
			);
			defaultConfigurationIsVisible = 0;
			defaultConfigurationName = Release;
		};
		00D6427D24C29F4B0002B553 /* Build configuration list for PBXNativeTarget "GPA Calculator" */ = {
			isa = XCConfigurationList;
			buildConfigurations = (
				00D6427E24C29F4B0002B553 /* Debug */,
				00D6427F24C29F4B0002B553 /* Release */,
			);
			defaultConfigurationIsVisible = 0;
			defaultConfigurationName = Release;
		};
/* End XCConfigurationList section */

/* Begin XCVersionGroup section */
		00D6426D24C29F4A0002B553 /* GPA_Calculator.xcdatamodeld */ = {
			isa = XCVersionGroup;
			children = (
				00D6426E24C29F4A0002B553 /* GPA_Calculator.xcdatamodel */,
			);
			currentVersion = 00D6426E24C29F4A0002B553 /* GPA_Calculator.xcdatamodel */;
			path = GPA_Calculator.xcdatamodeld;
			sourceTree = "<group>";
			versionGroupType = wrapper.xcdatamodel;
		};
/* End XCVersionGroup section */
	};
	rootObject = 00D6425E24C29F4A0002B553 /* Project object */;
}
